{
  "name": "treefuck-less-test-b",
  "version": "1.0.0",
  "lockfileVersion": 2,
  "requires": true,
  "packages": {
    "": {
      "name": "treefuck-less-test-b",
      "version": "1.0.0",
      "license": "ISC",
      "dependencies": {
        "treefuck-less-test-a": "^2.0.0"
      }
    },
    "node_modules/treefuck-less-test-a": {
      "version": "2.0.0",
      "resolved": "https://registry.npmjs.org/treefuck-less-test-a/-/treefuck-less-test-a-2.0.0.tgz",
      "integrity": "sha512-5fw0SMMfUEeCT8UL7S1Q/Iw+dZ4j5CFfAt5CjgQ3ynAXFokeX8NaeZ4km0pmsdf0fkNi0ID08cb1Xmi9gxacdg=="
    }
  },
  "dependencies": {
    "treefuck-less-test-a": {
      "version": "2.0.0",
      "resolved": "https://registry.npmjs.org/treefuck-less-test-a/-/treefuck-less-test-a-2.0.0.tgz",
      "integrity": "sha512-5fw0SMMfUEeCT8UL7S1Q/Iw+dZ4j5CFfAt5CjgQ3ynAXFokeX8NaeZ4km0pmsdf0fkNi0ID08cb1Xmi9gxacdg=="
    }
  }
}
